{
    "requires": true,
    "lockfileVersion": 1,
    "dependencies": {
        "sweetalert2": {
            "version": "7.1.2",
            "resolved": "https://registry.npmjs.org/sweetalert2/-/sweetalert2-7.1.2.tgz",
            "integrity": "sha512-HY7vcsi/iHE7qKNqD+cJaKWZerWnCHOe5ORHFupgGTNLv/K4G2DFN9D1Mavmr6eIt0a1UqqOa45aC11QboEQEg=="
        }
    }
}
